
Microsoft Visual Studio Solution File, Format Version 12.00
# Visual Studio 15
VisualStudioVersion = 15.0.26124.0
MinimumVisualStudioVersion = 15.0.26124.0
Project("{FAE04EC0-301F-11D3-BF4B-00C04F79EFBC}") = "API", "API\API.csproj", "{90BE0080-048D-4C8E-A65D-E0D1C8E4194E}"
EndProject
Project("{FAE04EC0-301F-11D3-BF4B-00C04F79EFBC}") = "Core", "Core\Core.csproj", "{DBED5AC6-9AF4-40EB-A78F-19E088A2923F}"
EndProject
Project("{FAE04EC0-301F-11D3-BF4B-00C04F79EFBC}") = "Infrastructure", "Infrastructure\Infrastructure.csproj", "{01B31DA2-2EB7-4724-8141-4220A385B9E6}"
EndProject
Global
	GlobalSection(SolutionConfigurationPlatforms) = preSolution
		Debug|Any CPU = Debug|Any CPU
		Debug|x64 = Debug|x64
		Debug|x86 = Debug|x86
		Release|Any CPU = Release|Any CPU
		Release|x64 = Release|x64
		Release|x86 = Release|x86
	EndGlobalSection
	GlobalSection(SolutionProperties) = preSolution
		HideSolutionNode = FALSE
	EndGlobalSection
	GlobalSection(ProjectConfigurationPlatforms) = postSolution
		{90BE0080-048D-4C8E-A65D-E0D1C8E4194E}.Debug|Any CPU.ActiveCfg = Debug|Any CPU
		{90BE0080-048D-4C8E-A65D-E0D1C8E4194E}.Debug|Any CPU.Build.0 = Debug|Any CPU
		{90BE0080-048D-4C8E-A65D-E0D1C8E4194E}.Debug|x64.ActiveCfg = Debug|Any CPU
		{90BE0080-048D-4C8E-A65D-E0D1C8E4194E}.Debug|x64.Build.0 = Debug|Any CPU
		{90BE0080-048D-4C8E-A65D-E0D1C8E4194E}.Debug|x86.ActiveCfg = Debug|Any CPU
		{90BE0080-048D-4C8E-A65D-E0D1C8E4194E}.Debug|x86.Build.0 = Debug|Any CPU
		{90BE0080-048D-4C8E-A65D-E0D1C8E4194E}.Release|Any CPU.ActiveCfg = Release|Any CPU
		{90BE0080-048D-4C8E-A65D-E0D1C8E4194E}.Release|Any CPU.Build.0 = Release|Any CPU
		{90BE0080-048D-4C8E-A65D-E0D1C8E4194E}.Release|x64.ActiveCfg = Release|Any CPU
		{90BE0080-048D-4C8E-A65D-E0D1C8E4194E}.Release|x64.Build.0 = Release|Any CPU
		{90BE0080-048D-4C8E-A65D-E0D1C8E4194E}.Release|x86.ActiveCfg = Release|Any CPU
		{90BE0080-048D-4C8E-A65D-E0D1C8E4194E}.Release|x86.Build.0 = Release|Any CPU
		{DBED5AC6-9AF4-40EB-A78F-19E088A2923F}.Debug|Any CPU.ActiveCfg = Debug|Any CPU
		{DBED5AC6-9AF4-40EB-A78F-19E088A2923F}.Debug|Any CPU.Build.0 = Debug|Any CPU
		{DBED5AC6-9AF4-40EB-A78F-19E088A2923F}.Debug|x64.ActiveCfg = Debug|Any CPU
		{DBED5AC6-9AF4-40EB-A78F-19E088A2923F}.Debug|x64.Build.0 = Debug|Any CPU
		{DBED5AC6-9AF4-40EB-A78F-19E088A2923F}.Debug|x86.ActiveCfg = Debug|Any CPU
		{DBED5AC6-9AF4-40EB-A78F-19E088A2923F}.Debug|x86.Build.0 = Debug|Any CPU
		{DBED5AC6-9AF4-40EB-A78F-19E088A2923F}.Release|Any CPU.ActiveCfg = Release|Any CPU
		{DBED5AC6-9AF4-40EB-A78F-19E088A2923F}.Release|Any CPU.Build.0 = Release|Any CPU
		{DBED5AC6-9AF4-40EB-A78F-19E088A2923F}.Release|x64.ActiveCfg = Release|Any CPU
		{DBED5AC6-9AF4-40EB-A78F-19E088A2923F}.Release|x64.Build.0 = Release|Any CPU
		{DBED5AC6-9AF4-40EB-A78F-19E088A2923F}.Release|x86.ActiveCfg = Release|Any CPU
		{DBED5AC6-9AF4-40EB-A78F-19E088A2923F}.Release|x86.Build.0 = Release|Any CPU
		{01B31DA2-2EB7-4724-8141-4220A385B9E6}.Debug|Any CPU.ActiveCfg = Debug|Any CPU
		{01B31DA2-2EB7-4724-8141-4220A385B9E6}.Debug|Any CPU.Build.0 = Debug|Any CPU
		{01B31DA2-2EB7-4724-8141-4220A385B9E6}.Debug|x64.ActiveCfg = Debug|Any CPU
		{01B31DA2-2EB7-4724-8141-4220A385B9E6}.Debug|x64.Build.0 = Debug|Any CPU
		{01B31DA2-2EB7-4724-8141-4220A385B9E6}.Debug|x86.ActiveCfg = Debug|Any CPU
		{01B31DA2-2EB7-4724-8141-4220A385B9E6}.Debug|x86.Build.0 = Debug|Any CPU
		{01B31DA2-2EB7-4724-8141-4220A385B9E6}.Release|Any CPU.ActiveCfg = Release|Any CPU
		{01B31DA2-2EB7-4724-8141-4220A385B9E6}.Release|Any CPU.Build.0 = Release|Any CPU
		{01B31DA2-2EB7-4724-8141-4220A385B9E6}.Release|x64.ActiveCfg = Release|Any CPU
		{01B31DA2-2EB7-4724-8141-4220A385B9E6}.Release|x64.Build.0 = Release|Any CPU
		{01B31DA2-2EB7-4724-8141-4220A385B9E6}.Release|x86.ActiveCfg = Release|Any CPU
		{01B31DA2-2EB7-4724-8141-4220A385B9E6}.Release|x86.Build.0 = Release|Any CPU
	EndGlobalSection
EndGlobal
